
Microsoft Visual Studio Solution File, Format Version 12.00
# Visual Studio Version 17
VisualStudioVersion = 17.0.32014.148
MinimumVisualStudioVersion = 10.0.40219.1
Project("{9A19103F-16F7-4668-BE54-9A1E7A4F7556}") = "Nucleus.DeveloperTools.VisualStudioTemplates", "Nucleus.DeveloperTools.VisualStudioTemplates\Nucleus.DeveloperTools.VisualStudioTemplates.csproj", "{56C0FBA5-14B7-43D5-8FC2-0F185D45FF68}"
EndProject
Project("{9A19103F-16F7-4668-BE54-9A1E7A4F7556}") = "Nucleus.DeveloperTools.Analyzers", "Nucleus.DeveloperTools.Analyzers\Nucleus.DeveloperTools.Analyzers\Nucleus.DeveloperTools.Analyzers.csproj", "{8E7F8CC5-D66A-4CA5-A04A-41A86C25871B}"
EndProject
Project("{9A19103F-16F7-4668-BE54-9A1E7A4F7556}") = "Nucleus.DeveloperTools.Analyzers.CodeFixes", "Nucleus.DeveloperTools.Analyzers\Nucleus.DeveloperTools.Analyzers.CodeFixes\Nucleus.DeveloperTools.Analyzers.CodeFixes.csproj", "{D9E45CB8-6A07-4D22-9FB0-7F40CA496C9A}"
EndProject
Project("{9A19103F-16F7-4668-BE54-9A1E7A4F7556}") = "Nucleus.DeveloperTools.Analyzers.Vsix", "Nucleus.DeveloperTools.Analyzers\Nucleus.DeveloperTools.Analyzers.Vsix\Nucleus.DeveloperTools.Analyzers.Vsix.csproj", "{89C19A5A-501B-49D7-9F53-68493647ADBD}"
EndProject
Project("{9A19103F-16F7-4668-BE54-9A1E7A4F7556}") = "Nucleus.DeveloperTools.Package", "Nucleus.DeveloperTools.Package\Nucleus.DeveloperTools.Package.csproj", "{70C50B41-5331-4199-A9F8-C93DAF9B3736}"
EndProject
Project("{9A19103F-16F7-4668-BE54-9A1E7A4F7556}") = "Nucleus.DeveloperTools.Vsix", "Nucleus.DeveloperTools.Vsix\Nucleus.DeveloperTools.Vsix.csproj", "{D841508E-AEDA-411E-B101-0DCE7FCEEE16}"
	ProjectSection(ProjectDependencies) = postProject
		{56C0FBA5-14B7-43D5-8FC2-0F185D45FF68} = {56C0FBA5-14B7-43D5-8FC2-0F185D45FF68}
	EndProjectSection
EndProject
Project("{FAE04EC0-301F-11D3-BF4B-00C04F79EFBC}") = "Nucleus.DeveloperTools.VisualStudio.TemplateWizard", "Nucleus.DeveloperTools.VisualStudio.TemplateWizard\Nucleus.DeveloperTools.VisualStudio.TemplateWizard.csproj", "{EE790138-11EE-411C-9759-9B109181AAE2}"
EndProject
Project("{9A19103F-16F7-4668-BE54-9A1E7A4F7556}") = "Nucleus.DeveloperTools.MSBuild", "Nucleus.DeveloperTools.MSBuild\Nucleus.DeveloperTools.MSBuild.csproj", "{45A10817-01ED-4177-A070-60641E0F3308}"
EndProject
Project("{9A19103F-16F7-4668-BE54-9A1E7A4F7556}") = "Nucleus.DeveloperTools.Shared", "Nucleus.DeveloperTools.Shared\Nucleus.DeveloperTools.Shared.csproj", "{62976C2B-2D71-40BB-AA78-4CF90B8AF45F}"
EndProject
Project("{FAE04EC0-301F-11D3-BF4B-00C04F79EFBC}") = "Nucleus.DeveloperTools.VisualStudio.Commands", "Nucleus.DeveloperTools.VisualStudio.Commands\Nucleus.DeveloperTools.VisualStudio.Commands.csproj", "{D93E48E9-7DC7-445A-B83D-FA04DE5C7014}"
EndProject
Global
	GlobalSection(SolutionConfigurationPlatforms) = preSolution
		Debug|Any CPU = Debug|Any CPU
		Debug|arm64 = Debug|arm64
		Debug|x86 = Debug|x86
		Release|Any CPU = Release|Any CPU
		Release|arm64 = Release|arm64
		Release|x86 = Release|x86
	EndGlobalSection
	GlobalSection(ProjectConfigurationPlatforms) = postSolution
		{56C0FBA5-14B7-43D5-8FC2-0F185D45FF68}.Debug|Any CPU.ActiveCfg = Debug|Any CPU
		{56C0FBA5-14B7-43D5-8FC2-0F185D45FF68}.Debug|Any CPU.Build.0 = Debug|Any CPU
		{56C0FBA5-14B7-43D5-8FC2-0F185D45FF68}.Debug|arm64.ActiveCfg = Debug|Any CPU
		{56C0FBA5-14B7-43D5-8FC2-0F185D45FF68}.Debug|arm64.Build.0 = Debug|Any CPU
		{56C0FBA5-14B7-43D5-8FC2-0F185D45FF68}.Debug|x86.ActiveCfg = Debug|Any CPU
		{56C0FBA5-14B7-43D5-8FC2-0F185D45FF68}.Debug|x86.Build.0 = Debug|Any CPU
		{56C0FBA5-14B7-43D5-8FC2-0F185D45FF68}.Release|Any CPU.ActiveCfg = Release|Any CPU
		{56C0FBA5-14B7-43D5-8FC2-0F185D45FF68}.Release|Any CPU.Build.0 = Release|Any CPU
		{56C0FBA5-14B7-43D5-8FC2-0F185D45FF68}.Release|arm64.ActiveCfg = Release|Any CPU
		{56C0FBA5-14B7-43D5-8FC2-0F185D45FF68}.Release|arm64.Build.0 = Release|Any CPU
		{56C0FBA5-14B7-43D5-8FC2-0F185D45FF68}.Release|x86.ActiveCfg = Release|Any CPU
		{56C0FBA5-14B7-43D5-8FC2-0F185D45FF68}.Release|x86.Build.0 = Release|Any CPU
		{8E7F8CC5-D66A-4CA5-A04A-41A86C25871B}.Debug|Any CPU.ActiveCfg = Debug|Any CPU
		{8E7F8CC5-D66A-4CA5-A04A-41A86C25871B}.Debug|Any CPU.Build.0 = Debug|Any CPU
		{8E7F8CC5-D66A-4CA5-A04A-41A86C25871B}.Debug|arm64.ActiveCfg = Debug|Any CPU
		{8E7F8CC5-D66A-4CA5-A04A-41A86C25871B}.Debug|arm64.Build.0 = Debug|Any CPU
		{8E7F8CC5-D66A-4CA5-A04A-41A86C25871B}.Debug|x86.ActiveCfg = Debug|Any CPU
		{8E7F8CC5-D66A-4CA5-A04A-41A86C25871B}.Debug|x86.Build.0 = Debug|Any CPU
		{8E7F8CC5-D66A-4CA5-A04A-41A86C25871B}.Release|Any CPU.ActiveCfg = Release|Any CPU
		{8E7F8CC5-D66A-4CA5-A04A-41A86C25871B}.Release|Any CPU.Build.0 = Release|Any CPU
		{8E7F8CC5-D66A-4CA5-A04A-41A86C25871B}.Release|arm64.ActiveCfg = Release|Any CPU
		{8E7F8CC5-D66A-4CA5-A04A-41A86C25871B}.Release|arm64.Build.0 = Release|Any CPU
		{8E7F8CC5-D66A-4CA5-A04A-41A86C25871B}.Release|x86.ActiveCfg = Release|Any CPU
		{8E7F8CC5-D66A-4CA5-A04A-41A86C25871B}.Release|x86.Build.0 = Release|Any CPU
		{D9E45CB8-6A07-4D22-9FB0-7F40CA496C9A}.Debug|Any CPU.ActiveCfg = Debug|Any CPU
		{D9E45CB8-6A07-4D22-9FB0-7F40CA496C9A}.Debug|Any CPU.Build.0 = Debug|Any CPU
		{D9E45CB8-6A07-4D22-9FB0-7F40CA496C9A}.Debug|arm64.ActiveCfg = Debug|Any CPU
		{D9E45CB8-6A07-4D22-9FB0-7F40CA496C9A}.Debug|arm64.Build.0 = Debug|Any CPU
		{D9E45CB8-6A07-4D22-9FB0-7F40CA496C9A}.Debug|x86.ActiveCfg = Debug|Any CPU
		{D9E45CB8-6A07-4D22-9FB0-7F40CA496C9A}.Debug|x86.Build.0 = Debug|Any CPU
		{D9E45CB8-6A07-4D22-9FB0-7F40CA496C9A}.Release|Any CPU.ActiveCfg = Release|Any CPU
		{D9E45CB8-6A07-4D22-9FB0-7F40CA496C9A}.Release|Any CPU.Build.0 = Release|Any CPU
		{D9E45CB8-6A07-4D22-9FB0-7F40CA496C9A}.Release|arm64.ActiveCfg = Release|Any CPU
		{D9E45CB8-6A07-4D22-9FB0-7F40CA496C9A}.Release|arm64.Build.0 = Release|Any CPU
		{D9E45CB8-6A07-4D22-9FB0-7F40CA496C9A}.Release|x86.ActiveCfg = Release|Any CPU
		{D9E45CB8-6A07-4D22-9FB0-7F40CA496C9A}.Release|x86.Build.0 = Release|Any CPU
		{89C19A5A-501B-49D7-9F53-68493647ADBD}.Debug|Any CPU.ActiveCfg = Debug|Any CPU
		{89C19A5A-501B-49D7-9F53-68493647ADBD}.Debug|Any CPU.Build.0 = Debug|Any CPU
		{89C19A5A-501B-49D7-9F53-68493647ADBD}.Debug|arm64.ActiveCfg = Debug|Any CPU
		{89C19A5A-501B-49D7-9F53-68493647ADBD}.Debug|arm64.Build.0 = Debug|Any CPU
		{89C19A5A-501B-49D7-9F53-68493647ADBD}.Debug|x86.ActiveCfg = Debug|Any CPU
		{89C19A5A-501B-49D7-9F53-68493647ADBD}.Debug|x86.Build.0 = Debug|Any CPU
		{89C19A5A-501B-49D7-9F53-68493647ADBD}.Release|Any CPU.ActiveCfg = Release|Any CPU
		{89C19A5A-501B-49D7-9F53-68493647ADBD}.Release|Any CPU.Build.0 = Release|Any CPU
		{89C19A5A-501B-49D7-9F53-68493647ADBD}.Release|arm64.ActiveCfg = Release|Any CPU
		{89C19A5A-501B-49D7-9F53-68493647ADBD}.Release|arm64.Build.0 = Release|Any CPU
		{89C19A5A-501B-49D7-9F53-68493647ADBD}.Release|x86.ActiveCfg = Release|Any CPU
		{89C19A5A-501B-49D7-9F53-68493647ADBD}.Release|x86.Build.0 = Release|Any CPU
		{70C50B41-5331-4199-A9F8-C93DAF9B3736}.Debug|Any CPU.ActiveCfg = Debug|Any CPU
		{70C50B41-5331-4199-A9F8-C93DAF9B3736}.Debug|Any CPU.Build.0 = Debug|Any CPU
		{70C50B41-5331-4199-A9F8-C93DAF9B3736}.Debug|arm64.ActiveCfg = Debug|Any CPU
		{70C50B41-5331-4199-A9F8-C93DAF9B3736}.Debug|arm64.Build.0 = Debug|Any CPU
		{70C50B41-5331-4199-A9F8-C93DAF9B3736}.Debug|x86.ActiveCfg = Debug|Any CPU
		{70C50B41-5331-4199-A9F8-C93DAF9B3736}.Debug|x86.Build.0 = Debug|Any CPU
		{70C50B41-5331-4199-A9F8-C93DAF9B3736}.Release|Any CPU.ActiveCfg = Release|Any CPU
		{70C50B41-5331-4199-A9F8-C93DAF9B3736}.Release|Any CPU.Build.0 = Release|Any CPU
		{70C50B41-5331-4199-A9F8-C93DAF9B3736}.Release|arm64.ActiveCfg = Release|Any CPU
		{70C50B41-5331-4199-A9F8-C93DAF9B3736}.Release|arm64.Build.0 = Release|Any CPU
		{70C50B41-5331-4199-A9F8-C93DAF9B3736}.Release|x86.ActiveCfg = Release|Any CPU
		{70C50B41-5331-4199-A9F8-C93DAF9B3736}.Release|x86.Build.0 = Release|Any CPU
		{D841508E-AEDA-411E-B101-0DCE7FCEEE16}.Debug|Any CPU.ActiveCfg = Debug|Any CPU
		{D841508E-AEDA-411E-B101-0DCE7FCEEE16}.Debug|Any CPU.Build.0 = Debug|Any CPU
		{D841508E-AEDA-411E-B101-0DCE7FCEEE16}.Debug|arm64.ActiveCfg = Debug|arm64
		{D841508E-AEDA-411E-B101-0DCE7FCEEE16}.Debug|arm64.Build.0 = Debug|arm64
		{D841508E-AEDA-411E-B101-0DCE7FCEEE16}.Debug|x86.ActiveCfg = Debug|x86
		{D841508E-AEDA-411E-B101-0DCE7FCEEE16}.Debug|x86.Build.0 = Debug|x86
		{D841508E-AEDA-411E-B101-0DCE7FCEEE16}.Release|Any CPU.ActiveCfg = Release|Any CPU
		{D841508E-AEDA-411E-B101-0DCE7FCEEE16}.Release|Any CPU.Build.0 = Release|Any CPU
		{D841508E-AEDA-411E-B101-0DCE7FCEEE16}.Release|arm64.ActiveCfg = Release|arm64
		{D841508E-AEDA-411E-B101-0DCE7FCEEE16}.Release|arm64.Build.0 = Release|arm64
		{D841508E-AEDA-411E-B101-0DCE7FCEEE16}.Release|x86.ActiveCfg = Release|x86
		{D841508E-AEDA-411E-B101-0DCE7FCEEE16}.Release|x86.Build.0 = Release|x86
		{EE790138-11EE-411C-9759-9B109181AAE2}.Debug|Any CPU.ActiveCfg = Debug|Any CPU
		{EE790138-11EE-411C-9759-9B109181AAE2}.Debug|Any CPU.Build.0 = Debug|Any CPU
		{EE790138-11EE-411C-9759-9B109181AAE2}.Debug|arm64.ActiveCfg = Debug|Any CPU
		{EE790138-11EE-411C-9759-9B109181AAE2}.Debug|arm64.Build.0 = Debug|Any CPU
		{EE790138-11EE-411C-9759-9B109181AAE2}.Debug|x86.ActiveCfg = Debug|Any CPU
		{EE790138-11EE-411C-9759-9B109181AAE2}.Debug|x86.Build.0 = Debug|Any CPU
		{EE790138-11EE-411C-9759-9B109181AAE2}.Release|Any CPU.ActiveCfg = Release|Any CPU
		{EE790138-11EE-411C-9759-9B109181AAE2}.Release|Any CPU.Build.0 = Release|Any CPU
		{EE790138-11EE-411C-9759-9B109181AAE2}.Release|arm64.ActiveCfg = Release|Any CPU
		{EE790138-11EE-411C-9759-9B109181AAE2}.Release|arm64.Build.0 = Release|Any CPU
		{EE790138-11EE-411C-9759-9B109181AAE2}.Release|x86.ActiveCfg = Release|Any CPU
		{EE790138-11EE-411C-9759-9B109181AAE2}.Release|x86.Build.0 = Release|Any CPU
		{45A10817-01ED-4177-A070-60641E0F3308}.Debug|Any CPU.ActiveCfg = Debug|Any CPU
		{45A10817-01ED-4177-A070-60641E0F3308}.Debug|Any CPU.Build.0 = Debug|Any CPU
		{45A10817-01ED-4177-A070-60641E0F3308}.Debug|arm64.ActiveCfg = Debug|Any CPU
		{45A10817-01ED-4177-A070-60641E0F3308}.Debug|arm64.Build.0 = Debug|Any CPU
		{45A10817-01ED-4177-A070-60641E0F3308}.Debug|x86.ActiveCfg = Debug|Any CPU
		{45A10817-01ED-4177-A070-60641E0F3308}.Debug|x86.Build.0 = Debug|Any CPU
		{45A10817-01ED-4177-A070-60641E0F3308}.Release|Any CPU.ActiveCfg = Release|Any CPU
		{45A10817-01ED-4177-A070-60641E0F3308}.Release|Any CPU.Build.0 = Release|Any CPU
		{45A10817-01ED-4177-A070-60641E0F3308}.Release|arm64.ActiveCfg = Release|Any CPU
		{45A10817-01ED-4177-A070-60641E0F3308}.Release|arm64.Build.0 = Release|Any CPU
		{45A10817-01ED-4177-A070-60641E0F3308}.Release|x86.ActiveCfg = Release|Any CPU
		{45A10817-01ED-4177-A070-60641E0F3308}.Release|x86.Build.0 = Release|Any CPU
		{62976C2B-2D71-40BB-AA78-4CF90B8AF45F}.Debug|Any CPU.ActiveCfg = Debug|Any CPU
		{62976C2B-2D71-40BB-AA78-4CF90B8AF45F}.Debug|Any CPU.Build.0 = Debug|Any CPU
		{62976C2B-2D71-40BB-AA78-4CF90B8AF45F}.Debug|arm64.ActiveCfg = Debug|Any CPU
		{62976C2B-2D71-40BB-AA78-4CF90B8AF45F}.Debug|arm64.Build.0 = Debug|Any CPU
		{62976C2B-2D71-40BB-AA78-4CF90B8AF45F}.Debug|x86.ActiveCfg = Debug|Any CPU
		{62976C2B-2D71-40BB-AA78-4CF90B8AF45F}.Debug|x86.Build.0 = Debug|Any CPU
		{62976C2B-2D71-40BB-AA78-4CF90B8AF45F}.Release|Any CPU.ActiveCfg = Release|Any CPU
		{62976C2B-2D71-40BB-AA78-4CF90B8AF45F}.Release|Any CPU.Build.0 = Release|Any CPU
		{62976C2B-2D71-40BB-AA78-4CF90B8AF45F}.Release|arm64.ActiveCfg = Release|Any CPU
		{62976C2B-2D71-40BB-AA78-4CF90B8AF45F}.Release|arm64.Build.0 = Release|Any CPU
		{62976C2B-2D71-40BB-AA78-4CF90B8AF45F}.Release|x86.ActiveCfg = Release|Any CPU
		{62976C2B-2D71-40BB-AA78-4CF90B8AF45F}.Release|x86.Build.0 = Release|Any CPU
		{D93E48E9-7DC7-445A-B83D-FA04DE5C7014}.Debug|Any CPU.ActiveCfg = Debug|Any CPU
		{D93E48E9-7DC7-445A-B83D-FA04DE5C7014}.Debug|Any CPU.Build.0 = Debug|Any CPU
		{D93E48E9-7DC7-445A-B83D-FA04DE5C7014}.Debug|arm64.ActiveCfg = Debug|arm64
		{D93E48E9-7DC7-445A-B83D-FA04DE5C7014}.Debug|arm64.Build.0 = Debug|arm64
		{D93E48E9-7DC7-445A-B83D-FA04DE5C7014}.Debug|x86.ActiveCfg = Debug|x86
		{D93E48E9-7DC7-445A-B83D-FA04DE5C7014}.Debug|x86.Build.0 = Debug|x86
		{D93E48E9-7DC7-445A-B83D-FA04DE5C7014}.Release|Any CPU.ActiveCfg = Release|Any CPU
		{D93E48E9-7DC7-445A-B83D-FA04DE5C7014}.Release|Any CPU.Build.0 = Release|Any CPU
		{D93E48E9-7DC7-445A-B83D-FA04DE5C7014}.Release|arm64.ActiveCfg = Release|arm64
		{D93E48E9-7DC7-445A-B83D-FA04DE5C7014}.Release|arm64.Build.0 = Release|arm64
		{D93E48E9-7DC7-445A-B83D-FA04DE5C7014}.Release|x86.ActiveCfg = Release|x86
		{D93E48E9-7DC7-445A-B83D-FA04DE5C7014}.Release|x86.Build.0 = Release|x86
	EndGlobalSection
	GlobalSection(SolutionProperties) = preSolution
		HideSolutionNode = FALSE
	EndGlobalSection
	GlobalSection(ExtensibilityGlobals) = postSolution
		SolutionGuid = {990CB90F-7DB0-4A5C-8978-D468F1D71192}
	EndGlobalSection
EndGlobal
